
Microsoft Visual Studio Solution File, Format Version 12.00
#
Project("{2150E333-8FDC-42A3-9474-1A3956D46DE8}") = "src", "src", "{99A8737D-1121-46EC-9993-DB33C66E6B65}"
EndProject
Project("{2150E333-8FDC-42A3-9474-1A3956D46DE8}") = "AuthService", "AuthService", "{9DEAF49D-92B1-4971-A3E9-94716528EDE4}"
EndProject
Project("{FAE04EC0-301F-11D3-BF4B-00C04F79EFBC}") = "AuthService.API", "src\AuthService\AuthService.API\AuthService.API.csproj", "{7B06DD43-5F82-4B82-B1C4-EBFEDEB3472D}"
EndProject
Project("{FAE04EC0-301F-11D3-BF4B-00C04F79EFBC}") = "AuthService.Application", "src\AuthService\AuthService.Application\AuthService.Application.csproj", "{271A450E-745F-4B22-9638-C2306316E98C}"
EndProject
Project("{FAE04EC0-301F-11D3-BF4B-00C04F79EFBC}") = "AuthService.Domain", "src\AuthService\AuthService.Domain\AuthService.Domain.csproj", "{568D00D4-9351-42DA-8836-E543B48C5A22}"
EndProject
Project("{FAE04EC0-301F-11D3-BF4B-00C04F79EFBC}") = "AuthService.Infrastructure", "src\AuthService\AuthService.Infrastructure\AuthService.Infrastructure.csproj", "{085AA798-034E-48D4-8AA2-81FF8317CE04}"
EndProject
Project("{2150E333-8FDC-42A3-9474-1A3956D46DE8}") = "TasksService", "TasksService", "{54052FD7-FE79-43BE-BB11-8A4536DED7CF}"
EndProject
Project("{FAE04EC0-301F-11D3-BF4B-00C04F79EFBC}") = "TasksService.API", "src\TasksService\TasksService.API\TasksService.API.csproj", "{6EC71013-8A29-4179-AEDF-706FC93F15E1}"
EndProject
Project("{FAE04EC0-301F-11D3-BF4B-00C04F79EFBC}") = "TasksService.Application", "src\TasksService\TasksService.Application\TasksService.Application.csproj", "{207160F4-0451-4284-8E4A-C60073B85739}"
EndProject
Project("{FAE04EC0-301F-11D3-BF4B-00C04F79EFBC}") = "TasksService.Domain", "src\TasksService\TasksService.Domain\TasksService.Domain.csproj", "{7936D194-5F18-428A-9931-7401B41FCFDB}"
EndProject
Project("{FAE04EC0-301F-11D3-BF4B-00C04F79EFBC}") = "TasksService.Infrastructure", "src\TasksService\TasksService.Infrastructure\TasksService.Infrastructure.csproj", "{61F490F5-3B51-4E62-8258-09B63A5338A9}"
EndProject
Project("{2150E333-8FDC-42A3-9474-1A3956D46DE8}") = "tests", "tests", "{6EBBE733-5F53-40BA-9513-662DDF2FE68E}"
EndProject
Project("{2150E333-8FDC-42A3-9474-1A3956D46DE8}") = "AuthServiceTests", "AuthServiceTests", "{31388F21-4604-4D96-9B2D-897881A335B1}"
EndProject
Project("{FAE04EC0-301F-11D3-BF4B-00C04F79EFBC}") = "AuthService.E2ETests", "tests\AuthServiceTests\AuthService.E2ETests\AuthService.E2ETests.csproj", "{94CA86D5-66F9-4A54-8329-CC805E9804EC}"
EndProject
Project("{FAE04EC0-301F-11D3-BF4B-00C04F79EFBC}") = "AuthService.IntegrationTests", "tests\AuthServiceTests\AuthService.IntegrationTests\AuthService.IntegrationTests.csproj", "{F2FB1680-80CC-4532-89C2-666A8162D6E4}"
EndProject
Project("{FAE04EC0-301F-11D3-BF4B-00C04F79EFBC}") = "AuthService.UnitTests", "tests\AuthServiceTests\AuthService.UnitTests\AuthService.UnitTests.csproj", "{F02C556F-CD3C-48C9-9D20-DF7F098D6ABE}"
EndProject
Project("{2150E333-8FDC-42A3-9474-1A3956D46DE8}") = "TasksServiceTests", "TasksServiceTests", "{3A25880B-3C3D-4287-978D-DBC927367EEA}"
EndProject
Project("{FAE04EC0-301F-11D3-BF4B-00C04F79EFBC}") = "TasksService.E2ETests", "tests\TasksServiceTests\TasksService.E2ETests\TasksService.E2ETests.csproj", "{171147A7-8290-4375-8B28-A0F4934FD104}"
EndProject
Project("{FAE04EC0-301F-11D3-BF4B-00C04F79EFBC}") = "TasksService.IntegrationTests", "tests\TasksServiceTests\TasksService.IntegrationTests\TasksService.IntegrationTests.csproj", "{EFAB0E77-906D-44E0-9A68-F9638A45806C}"
EndProject
Project("{FAE04EC0-301F-11D3-BF4B-00C04F79EFBC}") = "TasksService.UnitTests", "tests\TasksServiceTests\TasksService.UnitTests\TasksService.UnitTests.csproj", "{89920F9C-74D5-438B-A3BE-22BC18910DED}"
EndProject
Project("{2150E333-8FDC-42A3-9474-1A3956D46DE8}") = "UserService", "UserService", "{5F7E014B-E48C-4376-BCC7-1BEF72297E1E}"
EndProject
Project("{FAE04EC0-301F-11D3-BF4B-00C04F79EFBC}") = "UserService.Domain", "UserService.Domain\UserService.Domain.csproj", "{F09ECAB0-71E7-4ADB-AF38-BFD7304AE724}"
EndProject
Project("{FAE04EC0-301F-11D3-BF4B-00C04F79EFBC}") = "UserService.Application", "UserService.Application\UserService.Application.csproj", "{8B5B88C5-71A8-4F3E-9F96-DCFF3CCC2D39}"
EndProject
Project("{FAE04EC0-301F-11D3-BF4B-00C04F79EFBC}") = "UserService.Infrastucture", "UserService.Infrastucture\UserService.Infrastucture.csproj", "{44FA614B-4740-453C-BFB9-174EBD7D115D}"
EndProject
Project("{FAE04EC0-301F-11D3-BF4B-00C04F79EFBC}") = "UserService.API", "UserService.API\UserService.API.csproj", "{6FC60046-0164-4CEF-A3FB-E4FA69BE95A0}"
EndProject
Global
	GlobalSection(SolutionConfigurationPlatforms) = preSolution
		Debug|Any CPU = Debug|Any CPU
		Release|Any CPU = Release|Any CPU
	EndGlobalSection
	GlobalSection(ProjectConfigurationPlatforms) = postSolution
		{7B06DD43-5F82-4B82-B1C4-EBFEDEB3472D}.Debug|Any CPU.ActiveCfg = Debug|Any CPU
		{7B06DD43-5F82-4B82-B1C4-EBFEDEB3472D}.Debug|Any CPU.Build.0 = Debug|Any CPU
		{7B06DD43-5F82-4B82-B1C4-EBFEDEB3472D}.Release|Any CPU.ActiveCfg = Release|Any CPU
		{7B06DD43-5F82-4B82-B1C4-EBFEDEB3472D}.Release|Any CPU.Build.0 = Release|Any CPU
		{271A450E-745F-4B22-9638-C2306316E98C}.Debug|Any CPU.ActiveCfg = Debug|Any CPU
		{271A450E-745F-4B22-9638-C2306316E98C}.Debug|Any CPU.Build.0 = Debug|Any CPU
		{271A450E-745F-4B22-9638-C2306316E98C}.Release|Any CPU.ActiveCfg = Release|Any CPU
		{271A450E-745F-4B22-9638-C2306316E98C}.Release|Any CPU.Build.0 = Release|Any CPU
		{568D00D4-9351-42DA-8836-E543B48C5A22}.Debug|Any CPU.ActiveCfg = Debug|Any CPU
		{568D00D4-9351-42DA-8836-E543B48C5A22}.Debug|Any CPU.Build.0 = Debug|Any CPU
		{568D00D4-9351-42DA-8836-E543B48C5A22}.Release|Any CPU.ActiveCfg = Release|Any CPU
		{568D00D4-9351-42DA-8836-E543B48C5A22}.Release|Any CPU.Build.0 = Release|Any CPU
		{085AA798-034E-48D4-8AA2-81FF8317CE04}.Debug|Any CPU.ActiveCfg = Debug|Any CPU
		{085AA798-034E-48D4-8AA2-81FF8317CE04}.Debug|Any CPU.Build.0 = Debug|Any CPU
		{085AA798-034E-48D4-8AA2-81FF8317CE04}.Release|Any CPU.ActiveCfg = Release|Any CPU
		{085AA798-034E-48D4-8AA2-81FF8317CE04}.Release|Any CPU.Build.0 = Release|Any CPU
		{6EC71013-8A29-4179-AEDF-706FC93F15E1}.Debug|Any CPU.ActiveCfg = Debug|Any CPU
		{6EC71013-8A29-4179-AEDF-706FC93F15E1}.Debug|Any CPU.Build.0 = Debug|Any CPU
		{6EC71013-8A29-4179-AEDF-706FC93F15E1}.Release|Any CPU.ActiveCfg = Release|Any CPU
		{6EC71013-8A29-4179-AEDF-706FC93F15E1}.Release|Any CPU.Build.0 = Release|Any CPU
		{207160F4-0451-4284-8E4A-C60073B85739}.Debug|Any CPU.ActiveCfg = Debug|Any CPU
		{207160F4-0451-4284-8E4A-C60073B85739}.Debug|Any CPU.Build.0 = Debug|Any CPU
		{207160F4-0451-4284-8E4A-C60073B85739}.Release|Any CPU.ActiveCfg = Release|Any CPU
		{207160F4-0451-4284-8E4A-C60073B85739}.Release|Any CPU.Build.0 = Release|Any CPU
		{7936D194-5F18-428A-9931-7401B41FCFDB}.Debug|Any CPU.ActiveCfg = Debug|Any CPU
		{7936D194-5F18-428A-9931-7401B41FCFDB}.Debug|Any CPU.Build.0 = Debug|Any CPU
		{7936D194-5F18-428A-9931-7401B41FCFDB}.Release|Any CPU.ActiveCfg = Release|Any CPU
		{7936D194-5F18-428A-9931-7401B41FCFDB}.Release|Any CPU.Build.0 = Release|Any CPU
		{61F490F5-3B51-4E62-8258-09B63A5338A9}.Debug|Any CPU.ActiveCfg = Debug|Any CPU
		{61F490F5-3B51-4E62-8258-09B63A5338A9}.Debug|Any CPU.Build.0 = Debug|Any CPU
		{61F490F5-3B51-4E62-8258-09B63A5338A9}.Release|Any CPU.ActiveCfg = Release|Any CPU
		{61F490F5-3B51-4E62-8258-09B63A5338A9}.Release|Any CPU.Build.0 = Release|Any CPU
		{94CA86D5-66F9-4A54-8329-CC805E9804EC}.Debug|Any CPU.ActiveCfg = Debug|Any CPU
		{94CA86D5-66F9-4A54-8329-CC805E9804EC}.Debug|Any CPU.Build.0 = Debug|Any CPU
		{94CA86D5-66F9-4A54-8329-CC805E9804EC}.Release|Any CPU.ActiveCfg = Release|Any CPU
		{94CA86D5-66F9-4A54-8329-CC805E9804EC}.Release|Any CPU.Build.0 = Release|Any CPU
		{F2FB1680-80CC-4532-89C2-666A8162D6E4}.Debug|Any CPU.ActiveCfg = Debug|Any CPU
		{F2FB1680-80CC-4532-89C2-666A8162D6E4}.Debug|Any CPU.Build.0 = Debug|Any CPU
		{F2FB1680-80CC-4532-89C2-666A8162D6E4}.Release|Any CPU.ActiveCfg = Release|Any CPU
		{F2FB1680-80CC-4532-89C2-666A8162D6E4}.Release|Any CPU.Build.0 = Release|Any CPU
		{F02C556F-CD3C-48C9-9D20-DF7F098D6ABE}.Debug|Any CPU.ActiveCfg = Debug|Any CPU
		{F02C556F-CD3C-48C9-9D20-DF7F098D6ABE}.Debug|Any CPU.Build.0 = Debug|Any CPU
		{F02C556F-CD3C-48C9-9D20-DF7F098D6ABE}.Release|Any CPU.ActiveCfg = Release|Any CPU
		{F02C556F-CD3C-48C9-9D20-DF7F098D6ABE}.Release|Any CPU.Build.0 = Release|Any CPU
		{171147A7-8290-4375-8B28-A0F4934FD104}.Debug|Any CPU.ActiveCfg = Debug|Any CPU
		{171147A7-8290-4375-8B28-A0F4934FD104}.Debug|Any CPU.Build.0 = Debug|Any CPU
		{171147A7-8290-4375-8B28-A0F4934FD104}.Release|Any CPU.ActiveCfg = Release|Any CPU
		{171147A7-8290-4375-8B28-A0F4934FD104}.Release|Any CPU.Build.0 = Release|Any CPU
		{EFAB0E77-906D-44E0-9A68-F9638A45806C}.Debug|Any CPU.ActiveCfg = Debug|Any CPU
		{EFAB0E77-906D-44E0-9A68-F9638A45806C}.Debug|Any CPU.Build.0 = Debug|Any CPU
		{EFAB0E77-906D-44E0-9A68-F9638A45806C}.Release|Any CPU.ActiveCfg = Release|Any CPU
		{EFAB0E77-906D-44E0-9A68-F9638A45806C}.Release|Any CPU.Build.0 = Release|Any CPU
		{89920F9C-74D5-438B-A3BE-22BC18910DED}.Debug|Any CPU.ActiveCfg = Debug|Any CPU
		{89920F9C-74D5-438B-A3BE-22BC18910DED}.Debug|Any CPU.Build.0 = Debug|Any CPU
		{89920F9C-74D5-438B-A3BE-22BC18910DED}.Release|Any CPU.ActiveCfg = Release|Any CPU
		{89920F9C-74D5-438B-A3BE-22BC18910DED}.Release|Any CPU.Build.0 = Release|Any CPU
		{F09ECAB0-71E7-4ADB-AF38-BFD7304AE724}.Debug|Any CPU.ActiveCfg = Debug|Any CPU
		{F09ECAB0-71E7-4ADB-AF38-BFD7304AE724}.Debug|Any CPU.Build.0 = Debug|Any CPU
		{F09ECAB0-71E7-4ADB-AF38-BFD7304AE724}.Release|Any CPU.ActiveCfg = Release|Any CPU
		{F09ECAB0-71E7-4ADB-AF38-BFD7304AE724}.Release|Any CPU.Build.0 = Release|Any CPU
		{8B5B88C5-71A8-4F3E-9F96-DCFF3CCC2D39}.Debug|Any CPU.ActiveCfg = Debug|Any CPU
		{8B5B88C5-71A8-4F3E-9F96-DCFF3CCC2D39}.Debug|Any CPU.Build.0 = Debug|Any CPU
		{8B5B88C5-71A8-4F3E-9F96-DCFF3CCC2D39}.Release|Any CPU.ActiveCfg = Release|Any CPU
		{8B5B88C5-71A8-4F3E-9F96-DCFF3CCC2D39}.Release|Any CPU.Build.0 = Release|Any CPU
		{44FA614B-4740-453C-BFB9-174EBD7D115D}.Debug|Any CPU.ActiveCfg = Debug|Any CPU
		{44FA614B-4740-453C-BFB9-174EBD7D115D}.Debug|Any CPU.Build.0 = Debug|Any CPU
		{44FA614B-4740-453C-BFB9-174EBD7D115D}.Release|Any CPU.ActiveCfg = Release|Any CPU
		{44FA614B-4740-453C-BFB9-174EBD7D115D}.Release|Any CPU.Build.0 = Release|Any CPU
		{6FC60046-0164-4CEF-A3FB-E4FA69BE95A0}.Debug|Any CPU.ActiveCfg = Debug|Any CPU
		{6FC60046-0164-4CEF-A3FB-E4FA69BE95A0}.Debug|Any CPU.Build.0 = Debug|Any CPU
		{6FC60046-0164-4CEF-A3FB-E4FA69BE95A0}.Release|Any CPU.ActiveCfg = Release|Any CPU
		{6FC60046-0164-4CEF-A3FB-E4FA69BE95A0}.Release|Any CPU.Build.0 = Release|Any CPU
	EndGlobalSection
	GlobalSection(NestedProjects) = preSolution
		{9DEAF49D-92B1-4971-A3E9-94716528EDE4} = {99A8737D-1121-46EC-9993-DB33C66E6B65}
		{7B06DD43-5F82-4B82-B1C4-EBFEDEB3472D} = {9DEAF49D-92B1-4971-A3E9-94716528EDE4}
		{271A450E-745F-4B22-9638-C2306316E98C} = {9DEAF49D-92B1-4971-A3E9-94716528EDE4}
		{568D00D4-9351-42DA-8836-E543B48C5A22} = {9DEAF49D-92B1-4971-A3E9-94716528EDE4}
		{085AA798-034E-48D4-8AA2-81FF8317CE04} = {9DEAF49D-92B1-4971-A3E9-94716528EDE4}
		{54052FD7-FE79-43BE-BB11-8A4536DED7CF} = {99A8737D-1121-46EC-9993-DB33C66E6B65}
		{6EC71013-8A29-4179-AEDF-706FC93F15E1} = {54052FD7-FE79-43BE-BB11-8A4536DED7CF}
		{207160F4-0451-4284-8E4A-C60073B85739} = {54052FD7-FE79-43BE-BB11-8A4536DED7CF}
		{7936D194-5F18-428A-9931-7401B41FCFDB} = {54052FD7-FE79-43BE-BB11-8A4536DED7CF}
		{61F490F5-3B51-4E62-8258-09B63A5338A9} = {54052FD7-FE79-43BE-BB11-8A4536DED7CF}
		{31388F21-4604-4D96-9B2D-897881A335B1} = {6EBBE733-5F53-40BA-9513-662DDF2FE68E}
		{94CA86D5-66F9-4A54-8329-CC805E9804EC} = {31388F21-4604-4D96-9B2D-897881A335B1}
		{F2FB1680-80CC-4532-89C2-666A8162D6E4} = {31388F21-4604-4D96-9B2D-897881A335B1}
		{F02C556F-CD3C-48C9-9D20-DF7F098D6ABE} = {31388F21-4604-4D96-9B2D-897881A335B1}
		{3A25880B-3C3D-4287-978D-DBC927367EEA} = {6EBBE733-5F53-40BA-9513-662DDF2FE68E}
		{171147A7-8290-4375-8B28-A0F4934FD104} = {3A25880B-3C3D-4287-978D-DBC927367EEA}
		{EFAB0E77-906D-44E0-9A68-F9638A45806C} = {3A25880B-3C3D-4287-978D-DBC927367EEA}
		{89920F9C-74D5-438B-A3BE-22BC18910DED} = {3A25880B-3C3D-4287-978D-DBC927367EEA}
		{5F7E014B-E48C-4376-BCC7-1BEF72297E1E} = {99A8737D-1121-46EC-9993-DB33C66E6B65}
		{F09ECAB0-71E7-4ADB-AF38-BFD7304AE724} = {5F7E014B-E48C-4376-BCC7-1BEF72297E1E}
		{8B5B88C5-71A8-4F3E-9F96-DCFF3CCC2D39} = {5F7E014B-E48C-4376-BCC7-1BEF72297E1E}
		{44FA614B-4740-453C-BFB9-174EBD7D115D} = {5F7E014B-E48C-4376-BCC7-1BEF72297E1E}
		{6FC60046-0164-4CEF-A3FB-E4FA69BE95A0} = {5F7E014B-E48C-4376-BCC7-1BEF72297E1E}
	EndGlobalSection
EndGlobal
